{
  "name": "GoHealthy - Copy",
  "lockfileVersion": 3,
  "requires": true,
  "packages": {
    "": {
      "dependencies": {
        "@syncfusion/ej2-react-grids": "^23.2.7"
      }
    },
    "node_modules/@syncfusion/ej2-base": {
      "version": "23.2.6",
      "resolved": "https://registry.npmjs.org/@syncfusion/ej2-base/-/ej2-base-23.2.6.tgz",
      "integrity": "sha512-EuMzCLpSSuRrslC03Kilim7Vdu1Kc5x5cYTEyXef1lYsWKjAiewqI/bvD4kqdTClaxtl+TcNfjQHEngYhuIU6w==",
      "dependencies": {
        "@syncfusion/ej2-icons": "~23.2.4"
      },
      "bin": {
        "syncfusion-license": "bin/syncfusion-license.js"
      }
    },
    "node_modules/@syncfusion/ej2-buttons": {
      "version": "23.2.7",
      "resolved": "https://registry.npmjs.org/@syncfusion/ej2-buttons/-/ej2-buttons-23.2.7.tgz",
      "integrity": "sha512-a7/NHBABXTYs5s4uIOokKVvh29DzS86yH9G9qZfqfhfgUvoO4LDg8HY2ifshM5b2Zun8cyP6OgNoPBZRGjy67g==",
      "dependencies": {
        "@syncfusion/ej2-base": "~23.2.6"
      }
    },
    "node_modules/@syncfusion/ej2-calendars": {
      "version": "23.2.7",
      "resolved": "https://registry.npmjs.org/@syncfusion/ej2-calendars/-/ej2-calendars-23.2.7.tgz",
      "integrity": "sha512-06/hPO2JGyiNSGNNLQCMkpsoCdswt8qtkCV7ryfi77xGWnvU585kDroW+5Yu7dRV6N0KNlaXApRlRxzvDYj9kQ==",
      "dependencies": {
        "@syncfusion/ej2-base": "~23.2.6",
        "@syncfusion/ej2-buttons": "~23.2.7",
        "@syncfusion/ej2-inputs": "~23.2.4",
        "@syncfusion/ej2-lists": "~23.2.4",
        "@syncfusion/ej2-popups": "~23.2.4"
      }
    },
    "node_modules/@syncfusion/ej2-compression": {
      "version": "23.2.4",
      "resolved": "https://registry.npmjs.org/@syncfusion/ej2-compression/-/ej2-compression-23.2.4.tgz",
      "integrity": "sha512-F7ugnMo/nysFyP6sJGou0/DhIMBF/fCR9FS0Himv0CVxuFXWBIWv3+TdmIVP+8TVGvlA3zmskutJcSdxCM3InA==",
      "dependencies": {
        "@syncfusion/ej2-file-utils": "~23.2.4"
      }
    },
    "node_modules/@syncfusion/ej2-data": {
      "version": "23.2.4",
      "resolved": "https://registry.npmjs.org/@syncfusion/ej2-data/-/ej2-data-23.2.4.tgz",
      "integrity": "sha512-hVTo3pNOXLYgd5Au2E5AMUzeqstbwvqzr68bxgQoJJWjKd/hD3bKOQiPHaPbS8wvKgzs4mQ6rt/OuwoLErXALQ==",
      "dependencies": {
        "@syncfusion/ej2-base": "~23.2.4"
      }
    },
    "node_modules/@syncfusion/ej2-dropdowns": {
      "version": "23.2.7",
      "resolved": "https://registry.npmjs.org/@syncfusion/ej2-dropdowns/-/ej2-dropdowns-23.2.7.tgz",
      "integrity": "sha512-KTYH5i128hP1N8kxPXT40qOzyLgz6q5UfEgIhI2UBDtxay4JK6X1dbsVomZIEpukQrrxUeV0dxn7OvAKy8nL0w==",
      "dependencies": {
        "@syncfusion/ej2-base": "~23.2.6",
        "@syncfusion/ej2-data": "~23.2.4",
        "@syncfusion/ej2-inputs": "~23.2.4",
        "@syncfusion/ej2-lists": "~23.2.4",
        "@syncfusion/ej2-navigations": "~23.2.7",
        "@syncfusion/ej2-notifications": "~23.2.5",
        "@syncfusion/ej2-popups": "~23.2.4"
      }
    },
    "node_modules/@syncfusion/ej2-excel-export": {
      "version": "23.2.4",
      "resolved": "https://registry.npmjs.org/@syncfusion/ej2-excel-export/-/ej2-excel-export-23.2.4.tgz",
      "integrity": "sha512-V9XgASYgqTSRvGRe6gvqBgcLyjW50PbTmr7zvIMgCbSFotmxf+GCMZTLYu5dfiLNm2uHPforoGt7Z9NmtA7e1Q==",
      "dependencies": {
        "@syncfusion/ej2-base": "~23.2.4",
        "@syncfusion/ej2-compression": "~23.2.4"
      }
    },
    "node_modules/@syncfusion/ej2-file-utils": {
      "version": "23.2.4",
      "resolved": "https://registry.npmjs.org/@syncfusion/ej2-file-utils/-/ej2-file-utils-23.2.4.tgz",
      "integrity": "sha512-Y05b9ewKbURmd7oe+Yc3kPM+5xH3Q3cAFsqSDTRisHMA6JL0BNM+U43GKj3D239JlXMp/wdZO3lkcxIkHGdyoQ=="
    },
    "node_modules/@syncfusion/ej2-grids": {
      "version": "23.2.7",
      "resolved": "https://registry.npmjs.org/@syncfusion/ej2-grids/-/ej2-grids-23.2.7.tgz",
      "integrity": "sha512-AosDOEaTf5FAq1Te6+10CuN/7hhqY39La4tI7WdtkDnM4JKYl92eJrD/0JuB+qkk00GdbMiQOz6/0/0ZXI6kGQ==",
      "dependencies": {
        "@syncfusion/ej2-base": "~23.2.6",
        "@syncfusion/ej2-buttons": "~23.2.7",
        "@syncfusion/ej2-calendars": "~23.2.7",
        "@syncfusion/ej2-compression": "~23.2.4",
        "@syncfusion/ej2-data": "~23.2.4",
        "@syncfusion/ej2-dropdowns": "~23.2.7",
        "@syncfusion/ej2-excel-export": "~23.2.4",
        "@syncfusion/ej2-file-utils": "~23.2.4",
        "@syncfusion/ej2-inputs": "~23.2.4",
        "@syncfusion/ej2-lists": "~23.2.4",
        "@syncfusion/ej2-navigations": "~23.2.7",
        "@syncfusion/ej2-notifications": "~23.2.5",
        "@syncfusion/ej2-pdf-export": "~23.2.6",
        "@syncfusion/ej2-popups": "~23.2.4",
        "@syncfusion/ej2-splitbuttons": "~23.2.4"
      }
    },
    "node_modules/@syncfusion/ej2-icons": {
      "version": "23.2.4",
      "resolved": "https://registry.npmjs.org/@syncfusion/ej2-icons/-/ej2-icons-23.2.4.tgz",
      "integrity": "sha512-uWQ0RoFNw85jVn3LvRn2pcsW22aajJ5jQ8CP3Kn98lTbtHag+XL4b3qVkCzPDbgXGMPyc+IUuHz4JXly+wcv2Q=="
    },
    "node_modules/@syncfusion/ej2-inputs": {
      "version": "23.2.4",
      "resolved": "https://registry.npmjs.org/@syncfusion/ej2-inputs/-/ej2-inputs-23.2.4.tgz",
      "integrity": "sha512-GfMuQAHy7spiJxN8nyJLqqXqFeZXxMa5t1/x3fKXj1NkmIFDkWzCmPmhiclZh1zr4PtflK6m/EKDyirUSdTv3g==",
      "dependencies": {
        "@syncfusion/ej2-base": "~23.2.4",
        "@syncfusion/ej2-buttons": "~23.2.4",
        "@syncfusion/ej2-popups": "~23.2.4",
        "@syncfusion/ej2-splitbuttons": "~23.2.4"
      }
    },
    "node_modules/@syncfusion/ej2-lists": {
      "version": "23.2.4",
      "resolved": "https://registry.npmjs.org/@syncfusion/ej2-lists/-/ej2-lists-23.2.4.tgz",
      "integrity": "sha512-sBH/BRqUftRl+k8tF16aVX+9UD6ECoNPxLh4BRRXCuqw+VzKCyb9xVBLdqLjcU/3JLCHX9tc3X3OFtTMtk3nNw==",
      "dependencies": {
        "@syncfusion/ej2-base": "~23.2.4",
        "@syncfusion/ej2-buttons": "~23.2.4",
        "@syncfusion/ej2-data": "~23.2.4"
      }
    },
    "node_modules/@syncfusion/ej2-navigations": {
      "version": "23.2.7",
      "resolved": "https://registry.npmjs.org/@syncfusion/ej2-navigations/-/ej2-navigations-23.2.7.tgz",
      "integrity": "sha512-Pp0R6SOemct5XVBPHwJRtO7GCJvyg45CzEJ0tjyhAxvH951ntulZ3DbEVS+zQOTSjlfinna+XzZ9ykCvOFIK8Q==",
      "dependencies": {
        "@syncfusion/ej2-base": "~23.2.6",
        "@syncfusion/ej2-buttons": "~23.2.7",
        "@syncfusion/ej2-data": "~23.2.4",
        "@syncfusion/ej2-inputs": "~23.2.4",
        "@syncfusion/ej2-lists": "~23.2.4",
        "@syncfusion/ej2-popups": "~23.2.4"
      }
    },
    "node_modules/@syncfusion/ej2-notifications": {
      "version": "23.2.5",
      "resolved": "https://registry.npmjs.org/@syncfusion/ej2-notifications/-/ej2-notifications-23.2.5.tgz",
      "integrity": "sha512-sS4/qEgwshXB+Qj8emFJHIxgP2VxPpGpq71UU9l4GdIJ1iaDvtSEJAVp8Cxz7i84onmJgXtPj52fsTcD8Z/GoQ==",
      "dependencies": {
        "@syncfusion/ej2-base": "~23.2.4",
        "@syncfusion/ej2-buttons": "~23.2.4",
        "@syncfusion/ej2-popups": "~23.2.4"
      }
    },
    "node_modules/@syncfusion/ej2-pdf-export": {
      "version": "23.2.6",
      "resolved": "https://registry.npmjs.org/@syncfusion/ej2-pdf-export/-/ej2-pdf-export-23.2.6.tgz",
      "integrity": "sha512-N6xBXt8YUxzE0yEB55P1Tgr+rqe30qheA/JoSo/mhPOArA62/KxKn+6qnITO+F2/pylLsJkFb7XBv4vkX2S6/w==",
      "dependencies": {
        "@syncfusion/ej2-compression": "~23.2.4"
      }
    },
    "node_modules/@syncfusion/ej2-popups": {
      "version": "23.2.4",
      "resolved": "https://registry.npmjs.org/@syncfusion/ej2-popups/-/ej2-popups-23.2.4.tgz",
      "integrity": "sha512-ONq3Wf2BKA0u/i6P039nB6GC9/Lh0pIRlYyWj55/A8+4Ct4CVVu/fIDbuQeK+Y2HPAmS+aBhMCPbROl0eicrjw==",
      "dependencies": {
        "@syncfusion/ej2-base": "~23.2.4",
        "@syncfusion/ej2-buttons": "~23.2.4"
      }
    },
    "node_modules/@syncfusion/ej2-react-base": {
      "version": "23.2.5",
      "resolved": "https://registry.npmjs.org/@syncfusion/ej2-react-base/-/ej2-react-base-23.2.5.tgz",
      "integrity": "sha512-mWcVTHxouoEwahqNY7qRU+z28pZrFefQ3XEi4P+8u/LMr8N+JJtXhb3Xo4VNTLErK5IYaMQcA4IVEQjvITDR8Q==",
      "dependencies": {
        "@syncfusion/ej2-base": "~23.2.4"
      }
    },
    "node_modules/@syncfusion/ej2-react-grids": {
      "version": "23.2.7",
      "resolved": "https://registry.npmjs.org/@syncfusion/ej2-react-grids/-/ej2-react-grids-23.2.7.tgz",
      "integrity": "sha512-4RPM4oCOoe7jFfEKiAossmGaecXmgT4nWznVGgdlnDVzo6zXb3vWxgNQK5HpoQ9y8gV69/IFx72Idw6CTVBvTQ==",
      "dependencies": {
        "@syncfusion/ej2-base": "~23.2.6",
        "@syncfusion/ej2-grids": "23.2.7",
        "@syncfusion/ej2-react-base": "~23.2.5"
      }
    },
    "node_modules/@syncfusion/ej2-splitbuttons": {
      "version": "23.2.4",
      "resolved": "https://registry.npmjs.org/@syncfusion/ej2-splitbuttons/-/ej2-splitbuttons-23.2.4.tgz",
      "integrity": "sha512-e94DT1lfy671RUkt4A+xnYSW2Ug6rPRnircS29A3c8gqEtTghOUc0929Be7cDviIUVkvg+/oYAfgGfcS6s5pzA==",
      "dependencies": {
        "@syncfusion/ej2-base": "~23.2.4",
        "@syncfusion/ej2-popups": "~23.2.4"
      }
    }
  }
}
